// !$*UTF8*$!
{
	archiveVersion = 1;
	classes = {
	};
	objectVersion = 46;
	objects = {

/* Begin PBXBuildFile section */
		07558C0D17A5449D0048F7C0 /* UIKit.framework in Frameworks */ = {isa = PBXBuildFile; fileRef = 07558C0C17A5449D0048F7C0 /* UIKit.framework */; };
		07558C0F17A5449D0048F7C0 /* Foundation.framework in Frameworks */ = {isa = PBXBuildFile; fileRef = 07558C0E17A5449D0048F7C0 /* Foundation.framework */; };
		07558C1117A5449D0048F7C0 /* CoreGraphics.framework in Frameworks */ = {isa = PBXBuildFile; fileRef = 07558C1017A5449D0048F7C0 /* CoreGraphics.framework */; };
		07558C1717A5449D0048F7C0 /* InfoPlist.strings in Resources */ = {isa = PBXBuildFile; fileRef = 07558C1517A5449D0048F7C0 /* InfoPlist.strings */; };
		07558C1917A5449D0048F7C0 /* main.m in Sources */ = {isa = PBXBuildFile; fileRef = 07558C1817A5449D0048F7C0 /* main.m */; };
		07558C1D17A5449D0048F7C0 /* AppDelegate.m in Sources */ = {isa = PBXBuildFile; fileRef = 07558C1C17A5449D0048F7C0 /* AppDelegate.m */; };
		07558C1F17A5449E0048F7C0 /* Default.png in Resources */ = {isa = PBXBuildFile; fileRef = 07558C1E17A5449E0048F7C0 /* Default.png */; };
		07558C2117A5449E0048F7C0 /* Default@2x.png in Resources */ = {isa = PBXBuildFile; fileRef = 07558C2017A5449E0048F7C0 /* Default@2x.png */; };
		07558C2317A5449E0048F7C0 /* Default-568h@2x.png in Resources */ = {isa = PBXBuildFile; fileRef = 07558C2217A5449E0048F7C0 /* Default-568h@2x.png */; };
		07558C2617A5449E0048F7C0 /* ViewController.m in Sources */ = {isa = PBXBuildFile; fileRef = 07558C2517A5449E0048F7C0 /* ViewController.m */; };
		07558C2917A5449E0048F7C0 /* ViewController.xib in Resources */ = {isa = PBXBuildFile; fileRef = 07558C2717A5449E0048F7C0 /* ViewController.xib */; };
/* End PBXBuildFile section */

/* Begin PBXFileReference section */
		07558C0917A5449D0048F7C0 /* image_picker1.app */ = {isa = PBXFileReference; explicitFileType = wrapper.application; includeInIndex = 0; path = image_picker1.app; sourceTree = BUILT_PRODUCTS_DIR; };
		07558C0C17A5449D0048F7C0 /* UIKit.framework */ = {isa = PBXFileReference; lastKnownFileType = wrapper.framework; name = UIKit.framework; path = System/Library/Frameworks/UIKit.framework; sourceTree = SDKROOT; };
		07558C0E17A5449D0048F7C0 /* Foundation.framework */ = {isa = PBXFileReference; lastKnownFileType = wrapper.framework; name = Foundation.framework; path = System/Library/Frameworks/Foundation.framework; sourceTree = SDKROOT; };
		07558C1017A5449D0048F7C0 /* CoreGraphics.framework */ = {isa = PBXFileReference; lastKnownFileType = wrapper.framework; name = CoreGraphics.framework; path = System/Library/Frameworks/CoreGraphics.framework; sourceTree = SDKROOT; };
		07558C1417A5449D0048F7C0 /* image_picker1-Info.plist */ = {isa = PBXFileReference; lastKnownFileType = text.plist.xml; path = "image_picker1-Info.plist"; sourceTree = "<group>"; };
		07558C1617A5449D0048F7C0 /* en */ = {isa = PBXFileReference; lastKnownFileType = text.plist.strings; name = en; path = en.lproj/InfoPlist.strings; sourceTree = "<group>"; };
		07558C1817A5449D0048F7C0 /* main.m */ = {isa = PBXFileReference; lastKnownFileType = sourcecode.c.objc; path = main.m; sourceTree = "<group>"; };
		07558C1A17A5449D0048F7C0 /* image_picker1-Prefix.pch */ = {isa = PBXFileReference; lastKnownFileType = sourcecode.c.h; path = "image_picker1-Prefix.pch"; sourceTree = "<group>"; };
		07558C1B17A5449D0048F7C0 /* AppDelegate.h */ = {isa = PBXFileReference; lastKnownFileType = sourcecode.c.h; path = AppDelegate.h; sourceTree = "<group>"; };
		07558C1C17A5449D0048F7C0 /* AppDelegate.m */ = {isa = PBXFileReference; lastKnownFileType = sourcecode.c.objc; path = AppDelegate.m; sourceTree = "<group>"; };
		07558C1E17A5449E0048F7C0 /* Default.png */ = {isa = PBXFileReference; lastKnownFileType = image.png; path = Default.png; sourceTree = "<group>"; };
		07558C2017A5449E0048F7C0 /* Default@2x.png */ = {isa = PBXFileReference; lastKnownFileType = image.png; path = "Default@2x.png"; sourceTree = "<group>"; };
		07558C2217A5449E0048F7C0 /* Default-568h@2x.png */ = {isa = PBXFileReference; lastKnownFileType = image.png; path = "Default-568h@2x.png"; sourceTree = "<group>"; };
		07558C2417A5449E0048F7C0 /* ViewController.h */ = {isa = PBXFileReference; lastKnownFileType = sourcecode.c.h; path = ViewController.h; sourceTree = "<group>"; };
		07558C2517A5449E0048F7C0 /* ViewController.m */ = {isa = PBXFileReference; lastKnownFileType = sourcecode.c.objc; path = ViewController.m; sourceTree = "<group>"; };
		07558C2817A5449E0048F7C0 /* en */ = {isa = PBXFileReference; lastKnownFileType = file.xib; name = en; path = en.lproj/ViewController.xib; sourceTree = "<group>"; };
/* End PBXFileReference section */

/* Begin PBXFrameworksBuildPhase section */
		07558C0617A5449D0048F7C0 /* Frameworks */ = {
			isa = PBXFrameworksBuildPhase;
			buildActionMask = 2147483647;
			files = (
				07558C0D17A5449D0048F7C0 /* UIKit.framework in Frameworks */,
				07558C0F17A5449D0048F7C0 /* Foundation.framework in Frameworks */,
				07558C1117A5449D0048F7C0 /* CoreGraphics.framework in Frameworks */,
			);
			runOnlyForDeploymentPostprocessing = 0;
		};
/* End PBXFrameworksBuildPhase section */

/* Begin PBXGroup section */
		07558C0017A5449D0048F7C0 = {
			isa = PBXGroup;
			children = (
				07558C1217A5449D0048F7C0 /* image_picker1 */,
				07558C0B17A5449D0048F7C0 /* Frameworks */,
				07558C0A17A5449D0048F7C0 /* Products */,
			);
			sourceTree = "<group>";
		};
		07558C0A17A5449D0048F7C0 /* Products */ = {
			isa = PBXGroup;
			children = (
				07558C0917A5449D0048F7C0 /* image_picker1.app */,
			);
			name = Products;
			sourceTree = "<group>";
		};
		07558C0B17A5449D0048F7C0 /* Frameworks */ = {
			isa = PBXGroup;
			children = (
				07558C0C17A5449D0048F7C0 /* UIKit.framework */,
				07558C0E17A5449D0048F7C0 /* Foundation.framework */,
				07558C1017A5449D0048F7C0 /* CoreGraphics.framework */,
			);
			name = Frameworks;
			sourceTree = "<group>";
		};
		07558C1217A5449D0048F7C0 /* image_picker1 */ = {
			isa = PBXGroup;
			children = (
				07558C1B17A5449D0048F7C0 /* AppDelegate.h */,
				07558C1C17A5449D0048F7C0 /* AppDelegate.m */,
				07558C2417A5449E0048F7C0 /* ViewController.h */,
				07558C2517A5449E0048F7C0 /* ViewController.m */,
				07558C2717A5449E0048F7C0 /* ViewController.xib */,
				07558C1317A5449D0048F7C0 /* Supporting Files */,
			);
			path = image_picker1;
			sourceTree = "<group>";
		};
		07558C1317A5449D0048F7C0 /* Supporting Files */ = {
			isa = PBXGroup;
			children = (
				07558C1417A5449D0048F7C0 /* image_picker1-Info.plist */,
				07558C1517A5449D0048F7C0 /* InfoPlist.strings */,
				07558C1817A5449D0048F7C0 /* main.m */,
				07558C1A17A5449D0048F7C0 /* image_picker1-Prefix.pch */,
				07558C1E17A5449E0048F7C0 /* Default.png */,
				07558C2017A5449E0048F7C0 /* Default@2x.png */,
				07558C2217A5449E0048F7C0 /* Default-568h@2x.png */,
			);
			name = "Supporting Files";
			sourceTree = "<group>";
		};
/* End PBXGroup section */

/* Begin PBXNativeTarget section */
		07558C0817A5449D0048F7C0 /* image_picker1 */ = {
			isa = PBXNativeTarget;
			buildConfigurationList = 07558C2C17A5449E0048F7C0 /* Build configuration list for PBXNativeTarget "image_picker1" */;
			buildPhases = (
				07558C0517A5449D0048F7C0 /* Sources */,
				07558C0617A5449D0048F7C0 /* Frameworks */,
				07558C0717A5449D0048F7C0 /* Resources */,
			);
			buildRules = (
			);
			dependencies = (
			);
			name = image_picker1;
			productName = image_picker1;
			productReference = 07558C0917A5449D0048F7C0 /* image_picker1.app */;
			productType = "com.apple.product-type.application";
		};
/* End PBXNativeTarget section */

/* Begin PBXProject section */
		07558C0117A5449D0048F7C0 /* Project object */ = {
			isa = PBXProject;
			attributes = {
				LastUpgradeCheck = 0460;
				ORGANIZATIONNAME = "海野 秀祐";
			};
			buildConfigurationList = 07558C0417A5449D0048F7C0 /* Build configuration list for PBXProject "image_picker1" */;
			compatibilityVersion = "Xcode 3.2";
			developmentRegion = English;
			hasScannedForEncodings = 0;
			knownRegions = (
				en,
			);
			mainGroup = 07558C0017A5449D0048F7C0;
			productRefGroup = 07558C0A17A5449D0048F7C0 /* Products */;
			projectDirPath = "";
			projectRoot = "";
			targets = (
				07558C0817A5449D0048F7C0 /* image_picker1 */,
			);
		};
/* End PBXProject section */

/* Begin PBXResourcesBuildPhase section */
		07558C0717A5449D0048F7C0 /* Resources */ = {
			isa = PBXResourcesBuildPhase;
			buildActionMask = 2147483647;
			files = (
				07558C1717A5449D0048F7C0 /* InfoPlist.strings in Resources */,
				07558C1F17A5449E0048F7C0 /* Default.png in Resources */,
				07558C2117A5449E0048F7C0 /* Default@2x.png in Resources */,
				07558C2317A5449E0048F7C0 /* Default-568h@2x.png in Resources */,
				07558C2917A5449E0048F7C0 /* ViewController.xib in Resources */,
			);
			runOnlyForDeploymentPostprocessing = 0;
		};
/* End PBXResourcesBuildPhase section */

/* Begin PBXSourcesBuildPhase section */
		07558C0517A5449D0048F7C0 /* Sources */ = {
			isa = PBXSourcesBuildPhase;
			buildActionMask = 2147483647;
			files = (
				07558C1917A5449D0048F7C0 /* main.m in Sources */,
				07558C1D17A5449D0048F7C0 /* AppDelegate.m in Sources */,
				07558C2617A5449E0048F7C0 /* ViewController.m in Sources */,
			);
			runOnlyForDeploymentPostprocessing = 0;
		};
/* End PBXSourcesBuildPhase section */

/* Begin PBXVariantGroup section */
		07558C1517A5449D0048F7C0 /* InfoPlist.strings */ = {
			isa = PBXVariantGroup;
			children = (
				07558C1617A5449D0048F7C0 /* en */,
			);
			name = InfoPlist.strings;
			sourceTree = "<group>";
		};
		07558C2717A5449E0048F7C0 /* ViewController.xib */ = {
			isa = PBXVariantGroup;
			children = (
				07558C2817A5449E0048F7C0 /* en */,
			);
			name = ViewController.xib;
			sourceTree = "<group>";
		};
/* End PBXVariantGroup section */

/* Begin XCBuildConfiguration section */
		07558C2A17A5449E0048F7C0 /* Debug */ = {
			isa = XCBuildConfiguration;
			buildSettings = {
				ALWAYS_SEARCH_USER_PATHS = NO;
				CLANG_CXX_LANGUAGE_STANDARD = "gnu++0x";
				CLANG_CXX_LIBRARY = "libc++";
				CLANG_WARN_CONSTANT_CONVERSION = YES;
				CLANG_WARN_EMPTY_BODY = YES;
				CLANG_WARN_ENUM_CONVERSION = YES;
				CLANG_WARN_INT_CONVERSION = YES;
				CLANG_WARN__DUPLICATE_METHOD_MATCH = YES;
				"CODE_SIGN_IDENTITY[sdk=iphoneos*]" = "iPhone Developer";
				COPY_PHASE_STRIP = NO;
				GCC_C_LANGUAGE_STANDARD = gnu99;
				GCC_DYNAMIC_NO_PIC = NO;
				GCC_OPTIMIZATION_LEVEL = 0;
				GCC_PREPROCESSOR_DEFINITIONS = (
					"DEBUG=1",
					"$(inherited)",
				);
				GCC_SYMBOLS_PRIVATE_EXTERN = NO;
				GCC_WARN_ABOUT_RETURN_TYPE = YES;
				GCC_WARN_UNINITIALIZED_AUTOS = YES;
				GCC_WARN_UNUSED_VARIABLE = YES;
				IPHONEOS_DEPLOYMENT_TARGET = 6.1;
				ONLY_ACTIVE_ARCH = YES;
				SDKROOT = iphoneos;
			};
			name = Debug;
		};
		07558C2B17A5449E0048F7C0 /* Release */ = {
			isa = XCBuildConfiguration;
			buildSettings = {
				ALWAYS_SEARCH_USER_PATHS = NO;
				CLANG_CXX_LANGUAGE_STANDARD = "gnu++0x";
				CLANG_CXX_LIBRARY = "libc++";
				CLANG_WARN_CONSTANT_CONVERSION = YES;
				CLANG_WARN_EMPTY_BODY = YES;
				CLANG_WARN_ENUM_CONVERSION = YES;
				CLANG_WARN_INT_CONVERSION = YES;
				CLANG_WARN__DUPLICATE_METHOD_MATCH = YES;
				"CODE_SIGN_IDENTITY[sdk=iphoneos*]" = "iPhone Developer";
				COPY_PHASE_STRIP = YES;
				GCC_C_LANGUAGE_STANDARD = gnu99;
				GCC_WARN_ABOUT_RETURN_TYPE = YES;
				GCC_WARN_UNINITIALIZED_AUTOS = YES;
				GCC_WARN_UNUSED_VARIABLE = YES;
				IPHONEOS_DEPLOYMENT_TARGET = 6.1;
				OTHER_CFLAGS = "-DNS_BLOCK_ASSERTIONS=1";
				SDKROOT = iphoneos;
				VALIDATE_PRODUCT = YES;
			};
			name = Release;
		};
		07558C2D17A5449E0048F7C0 /* Debug */ = {
			isa = XCBuildConfiguration;
			buildSettings = {
				GCC_PRECOMPILE_PREFIX_HEADER = YES;
				GCC_PREFIX_HEADER = "image_picker1/image_picker1-Prefix.pch";
				INFOPLIST_FILE = "image_picker1/image_picker1-Info.plist";
				PRODUCT_NAME = "$(TARGET_NAME)";
				WRAPPER_EXTENSION = app;
			};
			name = Debug;
		};
		07558C2E17A5449E0048F7C0 /* Release */ = {
			isa = XCBuildConfiguration;
			buildSettings = {
				GCC_PRECOMPILE_PREFIX_HEADER = YES;
				GCC_PREFIX_HEADER = "image_picker1/image_picker1-Prefix.pch";
				INFOPLIST_FILE = "image_picker1/image_picker1-Info.plist";
				PRODUCT_NAME = "$(TARGET_NAME)";
				WRAPPER_EXTENSION = app;
			};
			name = Release;
		};
/* End XCBuildConfiguration section */

/* Begin XCConfigurationList section */
		07558C0417A5449D0048F7C0 /* Build configuration list for PBXProject "image_picker1" */ = {
			isa = XCConfigurationList;
			buildConfigurations = (
				07558C2A17A5449E0048F7C0 /* Debug */,
				07558C2B17A5449E0048F7C0 /* Release */,
			);
			defaultConfigurationIsVisible = 0;
			defaultConfigurationName = Release;
		};
		07558C2C17A5449E0048F7C0 /* Build configuration list for PBXNativeTarget "image_picker1" */ = {
			isa = XCConfigurationList;
			buildConfigurations = (
				07558C2D17A5449E0048F7C0 /* Debug */,
				07558C2E17A5449E0048F7C0 /* Release */,
			);
			defaultConfigurationIsVisible = 0;
			defaultConfigurationName = Release;
		};
/* End XCConfigurationList section */
	};
	rootObject = 07558C0117A5449D0048F7C0 /* Project object */;
}
